// !$*UTF8*$!
{
	archiveVersion = 1;
	classes = {
	};
	objectVersion = 56;
	objects = {

/* Begin PBXBuildFile section */
		2B1D039D2C74BE46002382CA /* AppDelegate.swift in Sources */ = {isa = PBXBuildFile; fileRef = 2B1D039C2C74BE46002382CA /* AppDelegate.swift */; };
		2B1D039F2C74BE46002382CA /* SceneDelegate.swift in Sources */ = {isa = PBXBuildFile; fileRef = 2B1D039E2C74BE46002382CA /* SceneDelegate.swift */; };
		2B1D03A12C74BE46002382CA /* HomeViewController.swift in Sources */ = {isa = PBXBuildFile; fileRef = 2B1D03A02C74BE46002382CA /* HomeViewController.swift */; };
		2B1D03A42C74BE46002382CA /* Base in Resources */ = {isa = PBXBuildFile; fileRef = 2B1D03A32C74BE46002382CA /* Base */; };
		2B1D03A62C74BE47002382CA /* Assets.xcassets in Resources */ = {isa = PBXBuildFile; fileRef = 2B1D03A52C74BE47002382CA /* Assets.xcassets */; };
		2B1D03A92C74BE47002382CA /* Base in Resources */ = {isa = PBXBuildFile; fileRef = 2B1D03A82C74BE47002382CA /* Base */; };
		2B1D03B42C74BE47002382CA /* mineexchangeTests.swift in Sources */ = {isa = PBXBuildFile; fileRef = 2B1D03B32C74BE47002382CA /* mineexchangeTests.swift */; };
		2B1D03BE2C74BE47002382CA /* mineexchangeUITests.swift in Sources */ = {isa = PBXBuildFile; fileRef = 2B1D03BD2C74BE47002382CA /* mineexchangeUITests.swift */; };
		2B1D03C02C74BE47002382CA /* mineexchangeUITestsLaunchTests.swift in Sources */ = {isa = PBXBuildFile; fileRef = 2B1D03BF2C74BE47002382CA /* mineexchangeUITestsLaunchTests.swift */; };
		2B1D03CD2C74D85F002382CA /* FeatureProjectCell.swift in Sources */ = {isa = PBXBuildFile; fileRef = 2B1D03CC2C74D85F002382CA /* FeatureProjectCell.swift */; };
		2B1D03D02C74E01A002382CA /* MineExchangeModel.swift in Sources */ = {isa = PBXBuildFile; fileRef = 2B1D03CF2C74E01A002382CA /* MineExchangeModel.swift */; };
		2B1D03D32C74E139002382CA /* ApiService.swift in Sources */ = {isa = PBXBuildFile; fileRef = 2B1D03D22C74E139002382CA /* ApiService.swift */; };
		2B1D03D62C74E3F2002382CA /* MineExchangeViewModel.swift in Sources */ = {isa = PBXBuildFile; fileRef = 2B1D03D52C74E3F2002382CA /* MineExchangeViewModel.swift */; };
		2B1D03D92C7512E1002382CA /* FilterViewController.swift in Sources */ = {isa = PBXBuildFile; fileRef = 2B1D03D82C7512E1002382CA /* FilterViewController.swift */; };
		2B8B88022C75A1DB005DF1F6 /* FilterModel.swift in Sources */ = {isa = PBXBuildFile; fileRef = 2B8B88012C75A1DB005DF1F6 /* FilterModel.swift */; };
		2B8B88042C75A3EB005DF1F6 /* FiltersViewModel.swift in Sources */ = {isa = PBXBuildFile; fileRef = 2B8B88032C75A3EB005DF1F6 /* FiltersViewModel.swift */; };
		2B8B88062C75B170005DF1F6 /* CollectionViewCell1.swift in Sources */ = {isa = PBXBuildFile; fileRef = 2B8B88052C75B170005DF1F6 /* CollectionViewCell1.swift */; };
		2B8B88082C75BA86005DF1F6 /* CollectionViewCell2.swift in Sources */ = {isa = PBXBuildFile; fileRef = 2B8B88072C75BA86005DF1F6 /* CollectionViewCell2.swift */; };
		2B8B880A2C75CD27005DF1F6 /* CollectionViewCell3.swift in Sources */ = {isa = PBXBuildFile; fileRef = 2B8B88092C75CD27005DF1F6 /* CollectionViewCell3.swift */; };
		2B8B880C2C75D9B0005DF1F6 /* CollectionViewCell4.swift in Sources */ = {isa = PBXBuildFile; fileRef = 2B8B880B2C75D9B0005DF1F6 /* CollectionViewCell4.swift */; };
		2B8B880E2C75DAAB005DF1F6 /* CollectionViewCell5.swift in Sources */ = {isa = PBXBuildFile; fileRef = 2B8B880D2C75DAAB005DF1F6 /* CollectionViewCell5.swift */; };
/* End PBXBuildFile section */

/* Begin PBXContainerItemProxy section */
		2B1D03B02C74BE47002382CA /* PBXContainerItemProxy */ = {
			isa = PBXContainerItemProxy;
			containerPortal = 2B1D03912C74BE46002382CA /* Project object */;
			proxyType = 1;
			remoteGlobalIDString = 2B1D03982C74BE46002382CA;
			remoteInfo = mineexchange;
		};
		2B1D03BA2C74BE47002382CA /* PBXContainerItemProxy */ = {
			isa = PBXContainerItemProxy;
			containerPortal = 2B1D03912C74BE46002382CA /* Project object */;
			proxyType = 1;
			remoteGlobalIDString = 2B1D03982C74BE46002382CA;
			remoteInfo = mineexchange;
		};
/* End PBXContainerItemProxy section */

/* Begin PBXFileReference section */
		2B1D03992C74BE46002382CA /* mineexchange.app */ = {isa = PBXFileReference; explicitFileType = wrapper.application; includeInIndex = 0; path = mineexchange.app; sourceTree = BUILT_PRODUCTS_DIR; };
		2B1D039C2C74BE46002382CA /* AppDelegate.swift */ = {isa = PBXFileReference; lastKnownFileType = sourcecode.swift; path = AppDelegate.swift; sourceTree = "<group>"; };
		2B1D039E2C74BE46002382CA /* SceneDelegate.swift */ = {isa = PBXFileReference; lastKnownFileType = sourcecode.swift; path = SceneDelegate.swift; sourceTree = "<group>"; };
		2B1D03A02C74BE46002382CA /* HomeViewController.swift */ = {isa = PBXFileReference; lastKnownFileType = sourcecode.swift; path = HomeViewController.swift; sourceTree = "<group>"; };
		2B1D03A32C74BE46002382CA /* Base */ = {isa = PBXFileReference; lastKnownFileType = file.storyboard; name = Base; path = Base.lproj/Main.storyboard; sourceTree = "<group>"; };
		2B1D03A52C74BE47002382CA /* Assets.xcassets */ = {isa = PBXFileReference; lastKnownFileType = folder.assetcatalog; path = Assets.xcassets; sourceTree = "<group>"; };
		2B1D03A82C74BE47002382CA /* Base */ = {isa = PBXFileReference; lastKnownFileType = file.storyboard; name = Base; path = Base.lproj/LaunchScreen.storyboard; sourceTree = "<group>"; };
		2B1D03AA2C74BE47002382CA /* Info.plist */ = {isa = PBXFileReference; lastKnownFileType = text.plist.xml; path = Info.plist; sourceTree = "<group>"; };
		2B1D03AF2C74BE47002382CA /* mineexchangeTests.xctest */ = {isa = PBXFileReference; explicitFileType = wrapper.cfbundle; includeInIndex = 0; path = mineexchangeTests.xctest; sourceTree = BUILT_PRODUCTS_DIR; };
		2B1D03B32C74BE47002382CA /* mineexchangeTests.swift */ = {isa = PBXFileReference; lastKnownFileType = sourcecode.swift; path = mineexchangeTests.swift; sourceTree = "<group>"; };
		2B1D03B92C74BE47002382CA /* mineexchangeUITests.xctest */ = {isa = PBXFileReference; explicitFileType = wrapper.cfbundle; includeInIndex = 0; path = mineexchangeUITests.xctest; sourceTree = BUILT_PRODUCTS_DIR; };
		2B1D03BD2C74BE47002382CA /* mineexchangeUITests.swift */ = {isa = PBXFileReference; lastKnownFileType = sourcecode.swift; path = mineexchangeUITests.swift; sourceTree = "<group>"; };
		2B1D03BF2C74BE47002382CA /* mineexchangeUITestsLaunchTests.swift */ = {isa = PBXFileReference; lastKnownFileType = sourcecode.swift; path = mineexchangeUITestsLaunchTests.swift; sourceTree = "<group>"; };
		2B1D03CC2C74D85F002382CA /* FeatureProjectCell.swift */ = {isa = PBXFileReference; lastKnownFileType = sourcecode.swift; path = FeatureProjectCell.swift; sourceTree = "<group>"; };
		2B1D03CF2C74E01A002382CA /* MineExchangeModel.swift */ = {isa = PBXFileReference; lastKnownFileType = sourcecode.swift; path = MineExchangeModel.swift; sourceTree = "<group>"; };
		2B1D03D22C74E139002382CA /* ApiService.swift */ = {isa = PBXFileReference; lastKnownFileType = sourcecode.swift; path = ApiService.swift; sourceTree = "<group>"; };
		2B1D03D52C74E3F2002382CA /* MineExchangeViewModel.swift */ = {isa = PBXFileReference; lastKnownFileType = sourcecode.swift; path = MineExchangeViewModel.swift; sourceTree = "<group>"; };
		2B1D03D82C7512E1002382CA /* FilterViewController.swift */ = {isa = PBXFileReference; lastKnownFileType = sourcecode.swift; path = FilterViewController.swift; sourceTree = "<group>"; };
		2B8B88012C75A1DB005DF1F6 /* FilterModel.swift */ = {isa = PBXFileReference; lastKnownFileType = sourcecode.swift; path = FilterModel.swift; sourceTree = "<group>"; };
		2B8B88032C75A3EB005DF1F6 /* FiltersViewModel.swift */ = {isa = PBXFileReference; lastKnownFileType = sourcecode.swift; path = FiltersViewModel.swift; sourceTree = "<group>"; };
		2B8B88052C75B170005DF1F6 /* CollectionViewCell1.swift */ = {isa = PBXFileReference; lastKnownFileType = sourcecode.swift; path = CollectionViewCell1.swift; sourceTree = "<group>"; };
		2B8B88072C75BA86005DF1F6 /* CollectionViewCell2.swift */ = {isa = PBXFileReference; lastKnownFileType = sourcecode.swift; path = CollectionViewCell2.swift; sourceTree = "<group>"; };
		2B8B88092C75CD27005DF1F6 /* CollectionViewCell3.swift */ = {isa = PBXFileReference; lastKnownFileType = sourcecode.swift; path = CollectionViewCell3.swift; sourceTree = "<group>"; };
		2B8B880B2C75D9B0005DF1F6 /* CollectionViewCell4.swift */ = {isa = PBXFileReference; lastKnownFileType = sourcecode.swift; path = CollectionViewCell4.swift; sourceTree = "<group>"; };
		2B8B880D2C75DAAB005DF1F6 /* CollectionViewCell5.swift */ = {isa = PBXFileReference; lastKnownFileType = sourcecode.swift; path = CollectionViewCell5.swift; sourceTree = "<group>"; };
/* End PBXFileReference section */

/* Begin PBXFrameworksBuildPhase section */
		2B1D03962C74BE46002382CA /* Frameworks */ = {
			isa = PBXFrameworksBuildPhase;
			buildActionMask = 2147483647;
			files = (
			);
			runOnlyForDeploymentPostprocessing = 0;
		};
		2B1D03AC2C74BE47002382CA /* Frameworks */ = {
			isa = PBXFrameworksBuildPhase;
			buildActionMask = 2147483647;
			files = (
			);
			runOnlyForDeploymentPostprocessing = 0;
		};
		2B1D03B62C74BE47002382CA /* Frameworks */ = {
			isa = PBXFrameworksBuildPhase;
			buildActionMask = 2147483647;
			files = (
			);
			runOnlyForDeploymentPostprocessing = 0;
		};
/* End PBXFrameworksBuildPhase section */

/* Begin PBXGroup section */
		2B1D03902C74BE46002382CA = {
			isa = PBXGroup;
			children = (
				2B1D039B2C74BE46002382CA /* mineexchange */,
				2B1D03B22C74BE47002382CA /* mineexchangeTests */,
				2B1D03BC2C74BE47002382CA /* mineexchangeUITests */,
				2B1D039A2C74BE46002382CA /* Products */,
			);
			sourceTree = "<group>";
		};
		2B1D039A2C74BE46002382CA /* Products */ = {
			isa = PBXGroup;
			children = (
				2B1D03992C74BE46002382CA /* mineexchange.app */,
				2B1D03AF2C74BE47002382CA /* mineexchangeTests.xctest */,
				2B1D03B92C74BE47002382CA /* mineexchangeUITests.xctest */,
			);
			name = Products;
			sourceTree = "<group>";
		};
		2B1D039B2C74BE46002382CA /* mineexchange */ = {
			isa = PBXGroup;
			children = (
				2BE286BF2C76E42E00C26A4D /* Cells */,
				2B1D03D72C7512B7002382CA /* Controllers */,
				2B1D03D42C74E3C6002382CA /* ViewModels */,
				2B1D03D12C74E128002382CA /* Service */,
				2B1D03CE2C74DFF8002382CA /* Models */,
				2B1D039C2C74BE46002382CA /* AppDelegate.swift */,
				2B1D039E2C74BE46002382CA /* SceneDelegate.swift */,
				2B1D03A22C74BE46002382CA /* Main.storyboard */,
				2B1D03A52C74BE47002382CA /* Assets.xcassets */,
				2B1D03A72C74BE47002382CA /* LaunchScreen.storyboard */,
				2B1D03AA2C74BE47002382CA /* Info.plist */,
			);
			path = mineexchange;
			sourceTree = "<group>";
		};
		2B1D03B22C74BE47002382CA /* mineexchangeTests */ = {
			isa = PBXGroup;
			children = (
				2B1D03B32C74BE47002382CA /* mineexchangeTests.swift */,
			);
			path = mineexchangeTests;
			sourceTree = "<group>";
		};
		2B1D03BC2C74BE47002382CA /* mineexchangeUITests */ = {
			isa = PBXGroup;
			children = (
				2B1D03BD2C74BE47002382CA /* mineexchangeUITests.swift */,
				2B1D03BF2C74BE47002382CA /* mineexchangeUITestsLaunchTests.swift */,
			);
			path = mineexchangeUITests;
			sourceTree = "<group>";
		};
		2B1D03CE2C74DFF8002382CA /* Models */ = {
			isa = PBXGroup;
			children = (
				2B1D03CF2C74E01A002382CA /* MineExchangeModel.swift */,
				2B8B88012C75A1DB005DF1F6 /* FilterModel.swift */,
			);
			path = Models;
			sourceTree = "<group>";
		};
		2B1D03D12C74E128002382CA /* Service */ = {
			isa = PBXGroup;
			children = (
				2B1D03D22C74E139002382CA /* ApiService.swift */,
			);
			path = Service;
			sourceTree = "<group>";
		};
		2B1D03D42C74E3C6002382CA /* ViewModels */ = {
			isa = PBXGroup;
			children = (
				2B1D03D52C74E3F2002382CA /* MineExchangeViewModel.swift */,
				2B8B88032C75A3EB005DF1F6 /* FiltersViewModel.swift */,
			);
			path = ViewModels;
			sourceTree = "<group>";
		};
		2B1D03D72C7512B7002382CA /* Controllers */ = {
			isa = PBXGroup;
			children = (
				2B1D03A02C74BE46002382CA /* HomeViewController.swift */,
				2B1D03D82C7512E1002382CA /* FilterViewController.swift */,
			);
			path = Controllers;
			sourceTree = "<group>";
		};
		2BE286BF2C76E42E00C26A4D /* Cells */ = {
			isa = PBXGroup;
			children = (
				2B1D03CC2C74D85F002382CA /* FeatureProjectCell.swift */,
				2B8B88052C75B170005DF1F6 /* CollectionViewCell1.swift */,
				2B8B88072C75BA86005DF1F6 /* CollectionViewCell2.swift */,
				2B8B88092C75CD27005DF1F6 /* CollectionViewCell3.swift */,
				2B8B880B2C75D9B0005DF1F6 /* CollectionViewCell4.swift */,
				2B8B880D2C75DAAB005DF1F6 /* CollectionViewCell5.swift */,
			);
			path = Cells;
			sourceTree = "<group>";
		};
/* End PBXGroup section */

/* Begin PBXNativeTarget section */
		2B1D03982C74BE46002382CA /* mineexchange */ = {
			isa = PBXNativeTarget;
			buildConfigurationList = 2B1D03C32C74BE47002382CA /* Build configuration list for PBXNativeTarget "mineexchange" */;
			buildPhases = (
				2B1D03952C74BE46002382CA /* Sources */,
				2B1D03962C74BE46002382CA /* Frameworks */,
				2B1D03972C74BE46002382CA /* Resources */,
			);
			buildRules = (
			);
			dependencies = (
			);
			name = mineexchange;
			productName = mineexchange;
			productReference = 2B1D03992C74BE46002382CA /* mineexchange.app */;
			productType = "com.apple.product-type.application";
		};
		2B1D03AE2C74BE47002382CA /* mineexchangeTests */ = {
			isa = PBXNativeTarget;
			buildConfigurationList = 2B1D03C62C74BE47002382CA /* Build configuration list for PBXNativeTarget "mineexchangeTests" */;
			buildPhases = (
				2B1D03AB2C74BE47002382CA /* Sources */,
				2B1D03AC2C74BE47002382CA /* Frameworks */,
				2B1D03AD2C74BE47002382CA /* Resources */,
			);
			buildRules = (
			);
			dependencies = (
				2B1D03B12C74BE47002382CA /* PBXTargetDependency */,
			);
			name = mineexchangeTests;
			productName = mineexchangeTests;
			productReference = 2B1D03AF2C74BE47002382CA /* mineexchangeTests.xctest */;
			productType = "com.apple.product-type.bundle.unit-test";
		};
		2B1D03B82C74BE47002382CA /* mineexchangeUITests */ = {
			isa = PBXNativeTarget;
			buildConfigurationList = 2B1D03C92C74BE47002382CA /* Build configuration list for PBXNativeTarget "mineexchangeUITests" */;
			buildPhases = (
				2B1D03B52C74BE47002382CA /* Sources */,
				2B1D03B62C74BE47002382CA /* Frameworks */,
				2B1D03B72C74BE47002382CA /* Resources */,
			);
			buildRules = (
			);
			dependencies = (
				2B1D03BB2C74BE47002382CA /* PBXTargetDependency */,
			);
			name = mineexchangeUITests;
			productName = mineexchangeUITests;
			productReference = 2B1D03B92C74BE47002382CA /* mineexchangeUITests.xctest */;
			productType = "com.apple.product-type.bundle.ui-testing";
		};
/* End PBXNativeTarget section */

/* Begin PBXProject section */
		2B1D03912C74BE46002382CA /* Project object */ = {
			isa = PBXProject;
			attributes = {
				BuildIndependentTargetsInParallel = 1;
				LastSwiftUpdateCheck = 1540;
				LastUpgradeCheck = 1540;
				TargetAttributes = {
					2B1D03982C74BE46002382CA = {
						CreatedOnToolsVersion = 15.4;
					};
					2B1D03AE2C74BE47002382CA = {
						CreatedOnToolsVersion = 15.4;
						TestTargetID = 2B1D03982C74BE46002382CA;
					};
					2B1D03B82C74BE47002382CA = {
						CreatedOnToolsVersion = 15.4;
						TestTargetID = 2B1D03982C74BE46002382CA;
					};
				};
			};
			buildConfigurationList = 2B1D03942C74BE46002382CA /* Build configuration list for PBXProject "mineexchange" */;
			compatibilityVersion = "Xcode 14.0";
			developmentRegion = en;
			hasScannedForEncodings = 0;
			knownRegions = (
				en,
				Base,
			);
			mainGroup = 2B1D03902C74BE46002382CA;
			productRefGroup = 2B1D039A2C74BE46002382CA /* Products */;
			projectDirPath = "";
			projectRoot = "";
			targets = (
				2B1D03982C74BE46002382CA /* mineexchange */,
				2B1D03AE2C74BE47002382CA /* mineexchangeTests */,
				2B1D03B82C74BE47002382CA /* mineexchangeUITests */,
			);
		};
/* End PBXProject section */

/* Begin PBXResourcesBuildPhase section */
		2B1D03972C74BE46002382CA /* Resources */ = {
			isa = PBXResourcesBuildPhase;
			buildActionMask = 2147483647;
			files = (
				2B1D03A62C74BE47002382CA /* Assets.xcassets in Resources */,
				2B1D03A92C74BE47002382CA /* Base in Resources */,
				2B1D03A42C74BE46002382CA /* Base in Resources */,
			);
			runOnlyForDeploymentPostprocessing = 0;
		};
		2B1D03AD2C74BE47002382CA /* Resources */ = {
			isa = PBXResourcesBuildPhase;
			buildActionMask = 2147483647;
			files = (
			);
			runOnlyForDeploymentPostprocessing = 0;
		};
		2B1D03B72C74BE47002382CA /* Resources */ = {
			isa = PBXResourcesBuildPhase;
			buildActionMask = 2147483647;
			files = (
			);
			runOnlyForDeploymentPostprocessing = 0;
		};
/* End PBXResourcesBuildPhase section */

/* Begin PBXSourcesBuildPhase section */
		2B1D03952C74BE46002382CA /* Sources */ = {
			isa = PBXSourcesBuildPhase;
			buildActionMask = 2147483647;
			files = (
				2B1D03D02C74E01A002382CA /* MineExchangeModel.swift in Sources */,
				2B1D03A12C74BE46002382CA /* HomeViewController.swift in Sources */,
				2B8B880E2C75DAAB005DF1F6 /* CollectionViewCell5.swift in Sources */,
				2B1D03D92C7512E1002382CA /* FilterViewController.swift in Sources */,
				2B8B880A2C75CD27005DF1F6 /* CollectionViewCell3.swift in Sources */,
				2B8B88022C75A1DB005DF1F6 /* FilterModel.swift in Sources */,
				2B8B88062C75B170005DF1F6 /* CollectionViewCell1.swift in Sources */,
				2B8B88042C75A3EB005DF1F6 /* FiltersViewModel.swift in Sources */,
				2B8B880C2C75D9B0005DF1F6 /* CollectionViewCell4.swift in Sources */,
				2B1D03D32C74E139002382CA /* ApiService.swift in Sources */,
				2B1D03D62C74E3F2002382CA /* MineExchangeViewModel.swift in Sources */,
				2B1D039D2C74BE46002382CA /* AppDelegate.swift in Sources */,
				2B8B88082C75BA86005DF1F6 /* CollectionViewCell2.swift in Sources */,
				2B1D03CD2C74D85F002382CA /* FeatureProjectCell.swift in Sources */,
				2B1D039F2C74BE46002382CA /* SceneDelegate.swift in Sources */,
			);
			runOnlyForDeploymentPostprocessing = 0;
		};
		2B1D03AB2C74BE47002382CA /* Sources */ = {
			isa = PBXSourcesBuildPhase;
			buildActionMask = 2147483647;
			files = (
				2B1D03B42C74BE47002382CA /* mineexchangeTests.swift in Sources */,
			);
			runOnlyForDeploymentPostprocessing = 0;
		};
		2B1D03B52C74BE47002382CA /* Sources */ = {
			isa = PBXSourcesBuildPhase;
			buildActionMask = 2147483647;
			files = (
				2B1D03C02C74BE47002382CA /* mineexchangeUITestsLaunchTests.swift in Sources */,
				2B1D03BE2C74BE47002382CA /* mineexchangeUITests.swift in Sources */,
			);
			runOnlyForDeploymentPostprocessing = 0;
		};
/* End PBXSourcesBuildPhase section */

/* Begin PBXTargetDependency section */
		2B1D03B12C74BE47002382CA /* PBXTargetDependency */ = {
			isa = PBXTargetDependency;
			target = 2B1D03982C74BE46002382CA /* mineexchange */;
			targetProxy = 2B1D03B02C74BE47002382CA /* PBXContainerItemProxy */;
		};
		2B1D03BB2C74BE47002382CA /* PBXTargetDependency */ = {
			isa = PBXTargetDependency;
			target = 2B1D03982C74BE46002382CA /* mineexchange */;
			targetProxy = 2B1D03BA2C74BE47002382CA /* PBXContainerItemProxy */;
		};
/* End PBXTargetDependency section */

/* Begin PBXVariantGroup section */
		2B1D03A22C74BE46002382CA /* Main.storyboard */ = {
			isa = PBXVariantGroup;
			children = (
				2B1D03A32C74BE46002382CA /* Base */,
			);
			name = Main.storyboard;
			sourceTree = "<group>";
		};
		2B1D03A72C74BE47002382CA /* LaunchScreen.storyboard */ = {
			isa = PBXVariantGroup;
			children = (
				2B1D03A82C74BE47002382CA /* Base */,
			);
			name = LaunchScreen.storyboard;
			sourceTree = "<group>";
		};
/* End PBXVariantGroup section */

/* Begin XCBuildConfiguration section */
		2B1D03C12C74BE47002382CA /* Debug */ = {
			isa = XCBuildConfiguration;
			buildSettings = {
				ALWAYS_SEARCH_USER_PATHS = NO;
				ASSETCATALOG_COMPILER_GENERATE_SWIFT_ASSET_SYMBOL_EXTENSIONS = YES;
				CLANG_ANALYZER_NONNULL = YES;
				CLANG_ANALYZER_NUMBER_OBJECT_CONVERSION = YES_AGGRESSIVE;
				CLANG_CXX_LANGUAGE_STANDARD = "gnu++20";
				CLANG_ENABLE_MODULES = YES;
				CLANG_ENABLE_OBJC_ARC = YES;
				CLANG_ENABLE_OBJC_WEAK = YES;
				CLANG_WARN_BLOCK_CAPTURE_AUTORELEASING = YES;
				CLANG_WARN_BOOL_CONVERSION = YES;
				CLANG_WARN_COMMA = YES;
				CLANG_WARN_CONSTANT_CONVERSION = YES;
				CLANG_WARN_DEPRECATED_OBJC_IMPLEMENTATIONS = YES;
				CLANG_WARN_DIRECT_OBJC_ISA_USAGE = YES_ERROR;
				CLANG_WARN_DOCUMENTATION_COMMENTS = YES;
				CLANG_WARN_EMPTY_BODY = YES;
				CLANG_WARN_ENUM_CONVERSION = YES;
				CLANG_WARN_INFINITE_RECURSION = YES;
				CLANG_WARN_INT_CONVERSION = YES;
				CLANG_WARN_NON_LITERAL_NULL_CONVERSION = YES;
				CLANG_WARN_OBJC_IMPLICIT_RETAIN_SELF = YES;
				CLANG_WARN_OBJC_LITERAL_CONVERSION = YES;
				CLANG_WARN_OBJC_ROOT_CLASS = YES_ERROR;
				CLANG_WARN_QUOTED_INCLUDE_IN_FRAMEWORK_HEADER = YES;
				CLANG_WARN_RANGE_LOOP_ANALYSIS = YES;
				CLANG_WARN_STRICT_PROTOTYPES = YES;
				CLANG_WARN_SUSPICIOUS_MOVE = YES;
				CLANG_WARN_UNGUARDED_AVAILABILITY = YES_AGGRESSIVE;
				CLANG_WARN_UNREACHABLE_CODE = YES;
				CLANG_WARN__DUPLICATE_METHOD_MATCH = YES;
				COPY_PHASE_STRIP = NO;
				DEBUG_INFORMATION_FORMAT = dwarf;
				ENABLE_STRICT_OBJC_MSGSEND = YES;
				ENABLE_TESTABILITY = YES;
				ENABLE_USER_SCRIPT_SANDBOXING = YES;
				GCC_C_LANGUAGE_STANDARD = gnu17;
				GCC_DYNAMIC_NO_PIC = NO;
				GCC_NO_COMMON_BLOCKS = YES;
				GCC_OPTIMIZATION_LEVEL = 0;
				GCC_PREPROCESSOR_DEFINITIONS = (
					"DEBUG=1",
					"$(inherited)",
				);
				GCC_WARN_64_TO_32_BIT_CONVERSION = YES;
				GCC_WARN_ABOUT_RETURN_TYPE = YES_ERROR;
				GCC_WARN_UNDECLARED_SELECTOR = YES;
				GCC_WARN_UNINITIALIZED_AUTOS = YES_AGGRESSIVE;
				GCC_WARN_UNUSED_FUNCTION = YES;
				GCC_WARN_UNUSED_VARIABLE = YES;
				IPHONEOS_DEPLOYMENT_TARGET = 17.5;
				LOCALIZATION_PREFERS_STRING_CATALOGS = YES;
				MTL_ENABLE_DEBUG_INFO = INCLUDE_SOURCE;
				MTL_FAST_MATH = YES;
				ONLY_ACTIVE_ARCH = YES;
				SDKROOT = iphoneos;
				SWIFT_ACTIVE_COMPILATION_CONDITIONS = "DEBUG $(inherited)";
				SWIFT_OPTIMIZATION_LEVEL = "-Onone";
			};
			name = Debug;
		};
		2B1D03C22C74BE47002382CA /* Release */ = {
			isa = XCBuildConfiguration;
			buildSettings = {
				ALWAYS_SEARCH_USER_PATHS = NO;
				ASSETCATALOG_COMPILER_GENERATE_SWIFT_ASSET_SYMBOL_EXTENSIONS = YES;
				CLANG_ANALYZER_NONNULL = YES;
				CLANG_ANALYZER_NUMBER_OBJECT_CONVERSION = YES_AGGRESSIVE;
				CLANG_CXX_LANGUAGE_STANDARD = "gnu++20";
				CLANG_ENABLE_MODULES = YES;
				CLANG_ENABLE_OBJC_ARC = YES;
				CLANG_ENABLE_OBJC_WEAK = YES;
				CLANG_WARN_BLOCK_CAPTURE_AUTORELEASING = YES;
				CLANG_WARN_BOOL_CONVERSION = YES;
				CLANG_WARN_COMMA = YES;
				CLANG_WARN_CONSTANT_CONVERSION = YES;
				CLANG_WARN_DEPRECATED_OBJC_IMPLEMENTATIONS = YES;
				CLANG_WARN_DIRECT_OBJC_ISA_USAGE = YES_ERROR;
				CLANG_WARN_DOCUMENTATION_COMMENTS = YES;
				CLANG_WARN_EMPTY_BODY = YES;
				CLANG_WARN_ENUM_CONVERSION = YES;
				CLANG_WARN_INFINITE_RECURSION = YES;
				CLANG_WARN_INT_CONVERSION = YES;
				CLANG_WARN_NON_LITERAL_NULL_CONVERSION = YES;
				CLANG_WARN_OBJC_IMPLICIT_RETAIN_SELF = YES;
				CLANG_WARN_OBJC_LITERAL_CONVERSION = YES;
				CLANG_WARN_OBJC_ROOT_CLASS = YES_ERROR;
				CLANG_WARN_QUOTED_INCLUDE_IN_FRAMEWORK_HEADER = YES;
				CLANG_WARN_RANGE_LOOP_ANALYSIS = YES;
				CLANG_WARN_STRICT_PROTOTYPES = YES;
				CLANG_WARN_SUSPICIOUS_MOVE = YES;
				CLANG_WARN_UNGUARDED_AVAILABILITY = YES_AGGRESSIVE;
				CLANG_WARN_UNREACHABLE_CODE = YES;
				CLANG_WARN__DUPLICATE_METHOD_MATCH = YES;
				COPY_PHASE_STRIP = NO;
				DEBUG_INFORMATION_FORMAT = "dwarf-with-dsym";
				ENABLE_NS_ASSERTIONS = NO;
				ENABLE_STRICT_OBJC_MSGSEND = YES;
				ENABLE_USER_SCRIPT_SANDBOXING = YES;
				GCC_C_LANGUAGE_STANDARD = gnu17;
				GCC_NO_COMMON_BLOCKS = YES;
				GCC_WARN_64_TO_32_BIT_CONVERSION = YES;
				GCC_WARN_ABOUT_RETURN_TYPE = YES_ERROR;
				GCC_WARN_UNDECLARED_SELECTOR = YES;
				GCC_WARN_UNINITIALIZED_AUTOS = YES_AGGRESSIVE;
				GCC_WARN_UNUSED_FUNCTION = YES;
				GCC_WARN_UNUSED_VARIABLE = YES;
				IPHONEOS_DEPLOYMENT_TARGET = 17.5;
				LOCALIZATION_PREFERS_STRING_CATALOGS = YES;
				MTL_ENABLE_DEBUG_INFO = NO;
				MTL_FAST_MATH = YES;
				SDKROOT = iphoneos;
				SWIFT_COMPILATION_MODE = wholemodule;
				VALIDATE_PRODUCT = YES;
			};
			name = Release;
		};
		2B1D03C42C74BE47002382CA /* Debug */ = {
			isa = XCBuildConfiguration;
			buildSettings = {
				ASSETCATALOG_COMPILER_APPICON_NAME = AppIcon;
				ASSETCATALOG_COMPILER_GLOBAL_ACCENT_COLOR_NAME = AccentColor;
				CODE_SIGN_STYLE = Automatic;
				CURRENT_PROJECT_VERSION = 1;
				GENERATE_INFOPLIST_FILE = YES;
				INFOPLIST_FILE = mineexchange/Info.plist;
				INFOPLIST_KEY_UIApplicationSupportsIndirectInputEvents = YES;
				INFOPLIST_KEY_UILaunchStoryboardName = LaunchScreen;
				INFOPLIST_KEY_UIMainStoryboardFile = Main;
				INFOPLIST_KEY_UISupportedInterfaceOrientations_iPad = "UIInterfaceOrientationPortrait UIInterfaceOrientationPortraitUpsideDown UIInterfaceOrientationLandscapeLeft UIInterfaceOrientationLandscapeRight";
				INFOPLIST_KEY_UISupportedInterfaceOrientations_iPhone = "UIInterfaceOrientationPortrait UIInterfaceOrientationLandscapeLeft UIInterfaceOrientationLandscapeRight";
				LD_RUNPATH_SEARCH_PATHS = (
					"$(inherited)",
					"@executable_path/Frameworks",
				);
				MARKETING_VERSION = 1.0;
				PRODUCT_BUNDLE_IDENTIFIER = com.sparkout.mineexchange.mineexchange;
				PRODUCT_NAME = "$(TARGET_NAME)";
				SWIFT_EMIT_LOC_STRINGS = YES;
				SWIFT_VERSION = 5.0;
				TARGETED_DEVICE_FAMILY = "1,2";
			};
			name = Debug;
		};
		2B1D03C52C74BE47002382CA /* Release */ = {
			isa = XCBuildConfiguration;
			buildSettings = {
				ASSETCATALOG_COMPILER_APPICON_NAME = AppIcon;
				ASSETCATALOG_COMPILER_GLOBAL_ACCENT_COLOR_NAME = AccentColor;
				CODE_SIGN_STYLE = Automatic;
				CURRENT_PROJECT_VERSION = 1;
				GENERATE_INFOPLIST_FILE = YES;
				INFOPLIST_FILE = mineexchange/Info.plist;
				INFOPLIST_KEY_UIApplicationSupportsIndirectInputEvents = YES;
				INFOPLIST_KEY_UILaunchStoryboardName = LaunchScreen;
				INFOPLIST_KEY_UIMainStoryboardFile = Main;
				INFOPLIST_KEY_UISupportedInterfaceOrientations_iPad = "UIInterfaceOrientationPortrait UIInterfaceOrientationPortraitUpsideDown UIInterfaceOrientationLandscapeLeft UIInterfaceOrientationLandscapeRight";
				INFOPLIST_KEY_UISupportedInterfaceOrientations_iPhone = "UIInterfaceOrientationPortrait UIInterfaceOrientationLandscapeLeft UIInterfaceOrientationLandscapeRight";
				LD_RUNPATH_SEARCH_PATHS = (
					"$(inherited)",
					"@executable_path/Frameworks",
				);
				MARKETING_VERSION = 1.0;
				PRODUCT_BUNDLE_IDENTIFIER = com.sparkout.mineexchange.mineexchange;
				PRODUCT_NAME = "$(TARGET_NAME)";
				SWIFT_EMIT_LOC_STRINGS = YES;
				SWIFT_VERSION = 5.0;
				TARGETED_DEVICE_FAMILY = "1,2";
			};
			name = Release;
		};
		2B1D03C72C74BE47002382CA /* Debug */ = {
			isa = XCBuildConfiguration;
			buildSettings = {
				ALWAYS_EMBED_SWIFT_STANDARD_LIBRARIES = YES;
				BUNDLE_LOADER = "$(TEST_HOST)";
				CODE_SIGN_STYLE = Automatic;
				CURRENT_PROJECT_VERSION = 1;
				GENERATE_INFOPLIST_FILE = YES;
				IPHONEOS_DEPLOYMENT_TARGET = 17.5;
				MARKETING_VERSION = 1.0;
				PRODUCT_BUNDLE_IDENTIFIER = com.sparkout.mineexchange.mineexchangeTests;
				PRODUCT_NAME = "$(TARGET_NAME)";
				SWIFT_EMIT_LOC_STRINGS = NO;
				SWIFT_VERSION = 5.0;
				TARGETED_DEVICE_FAMILY = "1,2";
				TEST_HOST = "$(BUILT_PRODUCTS_DIR)/mineexchange.app/$(BUNDLE_EXECUTABLE_FOLDER_PATH)/mineexchange";
			};
			name = Debug;
		};
		2B1D03C82C74BE47002382CA /* Release */ = {
			isa = XCBuildConfiguration;
			buildSettings = {
				ALWAYS_EMBED_SWIFT_STANDARD_LIBRARIES = YES;
				BUNDLE_LOADER = "$(TEST_HOST)";
				CODE_SIGN_STYLE = Automatic;
				CURRENT_PROJECT_VERSION = 1;
				GENERATE_INFOPLIST_FILE = YES;
				IPHONEOS_DEPLOYMENT_TARGET = 17.5;
				MARKETING_VERSION = 1.0;
				PRODUCT_BUNDLE_IDENTIFIER = com.sparkout.mineexchange.mineexchangeTests;
				PRODUCT_NAME = "$(TARGET_NAME)";
				SWIFT_EMIT_LOC_STRINGS = NO;
				SWIFT_VERSION = 5.0;
				TARGETED_DEVICE_FAMILY = "1,2";
				TEST_HOST = "$(BUILT_PRODUCTS_DIR)/mineexchange.app/$(BUNDLE_EXECUTABLE_FOLDER_PATH)/mineexchange";
			};
			name = Release;
		};
		2B1D03CA2C74BE47002382CA /* Debug */ = {
			isa = XCBuildConfiguration;
			buildSettings = {
				ALWAYS_EMBED_SWIFT_STANDARD_LIBRARIES = YES;
				CODE_SIGN_STYLE = Automatic;
				CURRENT_PROJECT_VERSION = 1;
				GENERATE_INFOPLIST_FILE = YES;
				MARKETING_VERSION = 1.0;
				PRODUCT_BUNDLE_IDENTIFIER = com.sparkout.mineexchange.mineexchangeUITests;
				PRODUCT_NAME = "$(TARGET_NAME)";
				SWIFT_EMIT_LOC_STRINGS = NO;
				SWIFT_VERSION = 5.0;
				TARGETED_DEVICE_FAMILY = "1,2";
				TEST_TARGET_NAME = mineexchange;
			};
			name = Debug;
		};
		2B1D03CB2C74BE47002382CA /* Release */ = {
			isa = XCBuildConfiguration;
			buildSettings = {
				ALWAYS_EMBED_SWIFT_STANDARD_LIBRARIES = YES;
				CODE_SIGN_STYLE = Automatic;
				CURRENT_PROJECT_VERSION = 1;
				GENERATE_INFOPLIST_FILE = YES;
				MARKETING_VERSION = 1.0;
				PRODUCT_BUNDLE_IDENTIFIER = com.sparkout.mineexchange.mineexchangeUITests;
				PRODUCT_NAME = "$(TARGET_NAME)";
				SWIFT_EMIT_LOC_STRINGS = NO;
				SWIFT_VERSION = 5.0;
				TARGETED_DEVICE_FAMILY = "1,2";
				TEST_TARGET_NAME = mineexchange;
			};
			name = Release;
		};
/* End XCBuildConfiguration section */

/* Begin XCConfigurationList section */
		2B1D03942C74BE46002382CA /* Build configuration list for PBXProject "mineexchange" */ = {
			isa = XCConfigurationList;
			buildConfigurations = (
				2B1D03C12C74BE47002382CA /* Debug */,
				2B1D03C22C74BE47002382CA /* Release */,
			);
			defaultConfigurationIsVisible = 0;
			defaultConfigurationName = Release;
		};
		2B1D03C32C74BE47002382CA /* Build configuration list for PBXNativeTarget "mineexchange" */ = {
			isa = XCConfigurationList;
			buildConfigurations = (
				2B1D03C42C74BE47002382CA /* Debug */,
				2B1D03C52C74BE47002382CA /* Release */,
			);
			defaultConfigurationIsVisible = 0;
			defaultConfigurationName = Release;
		};
		2B1D03C62C74BE47002382CA /* Build configuration list for PBXNativeTarget "mineexchangeTests" */ = {
			isa = XCConfigurationList;
			buildConfigurations = (
				2B1D03C72C74BE47002382CA /* Debug */,
				2B1D03C82C74BE47002382CA /* Release */,
			);
			defaultConfigurationIsVisible = 0;
			defaultConfigurationName = Release;
		};
		2B1D03C92C74BE47002382CA /* Build configuration list for PBXNativeTarget "mineexchangeUITests" */ = {
			isa = XCConfigurationList;
			buildConfigurations = (
				2B1D03CA2C74BE47002382CA /* Debug */,
				2B1D03CB2C74BE47002382CA /* Release */,
			);
			defaultConfigurationIsVisible = 0;
			defaultConfigurationName = Release;
		};
/* End XCConfigurationList section */
	};
	rootObject = 2B1D03912C74BE46002382CA /* Project object */;
}
